{
  "name": "assets",
  "lockfileVersion": 2,
  "requires": true,
  "packages": {
    "": {
      "dependencies": {
        "@codemirror/basic-setup": "^0.19.1",
        "@codemirror/lang-cpp": "^0.19.1",
        "@codemirror/lang-css": "^0.19.3",
        "@codemirror/lang-html": "^0.19.4",
        "@codemirror/lang-java": "^0.19.1",
        "@codemirror/lang-javascript": "^0.19.7",
        "@codemirror/lang-json": "^0.19.2",
        "@codemirror/lang-markdown": "^0.19.6",
        "@codemirror/lang-php": "^0.19.1",
        "@codemirror/lang-python": "^0.19.4",
        "@codemirror/lang-rust": "^0.19.2",
        "@codemirror/legacy-modes": "^0.19.1",
        "@codemirror/stream-parser": "^0.19.7",
        "@codemirror/theme-one-dark": "^0.19.1",
        "@types/phoenix": "^1.5.4",
        "@types/phoenix_live_view": "^0.15.1"
      }
    },
    "node_modules/@codemirror/autocomplete": {
      "version": "0.19.15",
      "resolved": "https://registry.npmjs.org/@codemirror/autocomplete/-/autocomplete-0.19.15.tgz",
      "integrity": "sha512-GQWzvvuXxNUyaEk+5gawbAD8s51/v2Chb++nx0e2eGWrphWk42isBtzOMdc3DxrxrZtPZ55q2ldNp+6G8KJLIQ==",
      "dependencies": {
        "@codemirror/language": "^0.19.0",
        "@codemirror/state": "^0.19.4",
        "@codemirror/text": "^0.19.2",
        "@codemirror/tooltip": "^0.19.12",
        "@codemirror/view": "^0.19.0",
        "@lezer/common": "^0.15.0"
      }
    },
    "node_modules/@codemirror/basic-setup": {
      "version": "0.19.1",
      "resolved": "https://registry.npmjs.org/@codemirror/basic-setup/-/basic-setup-0.19.1.tgz",
      "integrity": "sha512-gLjD7YgZU/we6BzS/ecCmD3viw83dsgv5ZUaSydYbYx9X4w4w9RqYnckcJ+0GDyHfNr5Jtfv2Z5ZtFQnBj0UDA==",
      "dependencies": {
        "@codemirror/autocomplete": "^0.19.0",
        "@codemirror/closebrackets": "^0.19.0",
        "@codemirror/commands": "^0.19.0",
        "@codemirror/comment": "^0.19.0",
        "@codemirror/fold": "^0.19.0",
        "@codemirror/gutter": "^0.19.0",
        "@codemirror/highlight": "^0.19.0",
        "@codemirror/history": "^0.19.0",
        "@codemirror/language": "^0.19.0",
        "@codemirror/lint": "^0.19.0",
        "@codemirror/matchbrackets": "^0.19.0",
        "@codemirror/rectangular-selection": "^0.19.0",
        "@codemirror/search": "^0.19.0",
        "@codemirror/state": "^0.19.0",
        "@codemirror/view": "^0.19.31"
      }
    },
    "node_modules/@codemirror/closebrackets": {
      "version": "0.19.1",
      "resolved": "https://registry.npmjs.org/@codemirror/closebrackets/-/closebrackets-0.19.1.tgz",
      "integrity": "sha512-ZiLXT6u+VuBK5QnfBbt/Vmfd9Pg6449wn1DIOWFZHUOldg5eFn3VGGjYY2XWuHQz5WuK+7dXamV2KE885O1gyA==",
      "dependencies": {
        "@codemirror/language": "^0.19.0",
        "@codemirror/rangeset": "^0.19.0",
        "@codemirror/state": "^0.19.2",
        "@codemirror/text": "^0.19.0",
        "@codemirror/view": "^0.19.44"
      }
    },
    "node_modules/@codemirror/commands": {
      "version": "0.19.8",
      "resolved": "https://registry.npmjs.org/@codemirror/commands/-/commands-0.19.8.tgz",
      "integrity": "sha512-65LIMSGUGGpY3oH6mzV46YWRrgao6NmfJ+AuC7jNz3K5NPnH6GCV1H5I6SwOFyVbkiygGyd0EFwrWqywTBD1aw==",
      "dependencies": {
        "@codemirror/language": "^0.19.0",
        "@codemirror/matchbrackets": "^0.19.0",
        "@codemirror/state": "^0.19.2",
        "@codemirror/text": "^0.19.6",
        "@codemirror/view": "^0.19.22",
        "@lezer/common": "^0.15.0"
      }
    },
    "node_modules/@codemirror/comment": {
      "version": "0.19.1",
      "resolved": "https://registry.npmjs.org/@codemirror/comment/-/comment-0.19.1.tgz",
      "integrity": "sha512-uGKteBuVWAC6fW+Yt8u27DOnXMT/xV4Ekk2Z5mRsiADCZDqYvryrJd6PLL5+8t64BVyocwQwNfz1UswYS2CtFQ==",
      "dependencies": {
        "@codemirror/state": "^0.19.9",
        "@codemirror/text": "^0.19.0",
        "@codemirror/view": "^0.19.0"
      }
    },
    "node_modules/@codemirror/fold": {
      "version": "0.19.3",
      "resolved": "https://registry.npmjs.org/@codemirror/fold/-/fold-0.19.3.tgz",
      "integrity": "sha512-8hT+Eq2G68mL0yPRvSD2ewhnLQAX6sbUJmtGVKFcj8oAXtfpYCX8LIcfXsuI19Qs7gZkOSpqZvn+KKj8IhZoAw==",
      "dependencies": {
        "@codemirror/gutter": "^0.19.0",
        "@codemirror/language": "^0.19.0",
        "@codemirror/rangeset": "^0.19.0",
        "@codemirror/state": "^0.19.0",
        "@codemirror/view": "^0.19.22"
      }
    },
    "node_modules/@codemirror/gutter": {
      "version": "0.19.9",
      "resolved": "https://registry.npmjs.org/@codemirror/gutter/-/gutter-0.19.9.tgz",
      "integrity": "sha512-PFrtmilahin1g6uL27aG5tM/rqR9DZzZYZsIrCXA5Uc2OFTFqx4owuhoU9hqfYxHp5ovfvBwQ+txFzqS4vog6Q==",
      "dependencies": {
        "@codemirror/rangeset": "^0.19.0",
        "@codemirror/state": "^0.19.0",
        "@codemirror/view": "^0.19.23"
      }
    },
    "node_modules/@codemirror/highlight": {
      "version": "0.19.8",
      "resolved": "https://registry.npmjs.org/@codemirror/highlight/-/highlight-0.19.8.tgz",
      "integrity": "sha512-v/lzuHjrYR8MN2mEJcUD6fHSTXXli9C1XGYpr+ElV6fLBIUhMTNKR3qThp611xuWfXfwDxeL7ppcbkM/MzPV3A==",
      "dependencies": {
        "@codemirror/language": "^0.19.0",
        "@codemirror/rangeset": "^0.19.0",
        "@codemirror/state": "^0.19.3",
        "@codemirror/view": "^0.19.39",
        "@lezer/common": "^0.15.0",
        "style-mod": "^4.0.0"
      }
    },
    "node_modules/@codemirror/history": {
      "version": "0.19.2",
      "resolved": "https://registry.npmjs.org/@codemirror/history/-/history-0.19.2.tgz",
      "integrity": "sha512-unhP4t3N2smzmHoo/Yio6ueWi+il8gm9VKrvi6wlcdGH5fOfVDNkmjHQ495SiR+EdOG35+3iNebSPYww0vN7ow==",
      "dependencies": {
        "@codemirror/state": "^0.19.2",
        "@codemirror/view": "^0.19.0"
      }
    },
    "node_modules/@codemirror/lang-cpp": {
      "version": "0.19.1",
      "resolved": "https://registry.npmjs.org/@codemirror/lang-cpp/-/lang-cpp-0.19.1.tgz",
      "integrity": "sha512-BGvZkfcqcalAwxocuE9DhH6gqflm5IjL/8mGTzc8bHzeP1N4innK8qo2G69ohEML4LDZv4WyXc3y4C9/zsGCGQ==",
      "dependencies": {
        "@codemirror/highlight": "^0.19.0",
        "@codemirror/language": "^0.19.0",
        "@lezer/cpp": "^0.15.0"
      }
    },
    "node_modules/@codemirror/lang-css": {
      "version": "0.19.3",
      "resolved": "https://registry.npmjs.org/@codemirror/lang-css/-/lang-css-0.19.3.tgz",
      "integrity": "sha512-tyCUJR42/UlfOPLb94/p7dN+IPsYSIzHbAHP2KQHANj0I+Orqp+IyIOS++M8TuCX4zkWh9dvi8s92yy/Tn8Ifg==",
      "dependencies": {
        "@codemirror/autocomplete": "^0.19.0",
        "@codemirror/highlight": "^0.19.6",
        "@codemirror/language": "^0.19.0",
        "@codemirror/state": "^0.19.0",
        "@lezer/css": "^0.15.2"
      }
    },
    "node_modules/@codemirror/lang-html": {
      "version": "0.19.4",
      "resolved": "https://registry.npmjs.org/@codemirror/lang-html/-/lang-html-0.19.4.tgz",
      "integrity": "sha512-GpiEikNuCBeFnS+/TJSeanwqaOfNm8Kkp9WpVNEPZCLyW1mAMCuFJu/3xlWYeWc778Hc3vJqGn3bn+cLNubgCA==",
      "dependencies": {
        "@codemirror/autocomplete": "^0.19.0",
        "@codemirror/highlight": "^0.19.6",
        "@codemirror/lang-css": "^0.19.0",
        "@codemirror/lang-javascript": "^0.19.0",
        "@codemirror/language": "^0.19.0",
        "@codemirror/state": "^0.19.0",
        "@lezer/common": "^0.15.0",
        "@lezer/html": "^0.15.0"
      }
    },
    "node_modules/@codemirror/lang-java": {
      "version": "0.19.1",
      "resolved": "https://registry.npmjs.org/@codemirror/lang-java/-/lang-java-0.19.1.tgz",
      "integrity": "sha512-yA3kcW2GgY0mC2a9dE+uRxGxPWeykfE/GqEPk4TSmhuU4ndmyDgM5QQP7pgnYSZmv2vKoyf4x7NMg8AF7lKXHQ==",
      "dependencies": {
        "@codemirror/highlight": "^0.19.0",
        "@codemirror/language": "^0.19.0",
        "@lezer/java": "^0.15.0"
      }
    },
    "node_modules/@codemirror/lang-javascript": {
      "version": "0.19.7",
      "resolved": "https://registry.npmjs.org/@codemirror/lang-javascript/-/lang-javascript-0.19.7.tgz",
      "integrity": "sha512-DL9f3JLqOEHH9cIwEqqjnP5bkjdVXeECksLtV+/MbPm+l4H+AG+PkwZaJQ2oR1GfPZKh8MVSIE94aGWNkJP8WQ==",
      "dependencies": {
        "@codemirror/autocomplete": "^0.19.0",
        "@codemirror/highlight": "^0.19.7",
        "@codemirror/language": "^0.19.0",
        "@codemirror/lint": "^0.19.0",
        "@codemirror/state": "^0.19.0",
        "@codemirror/view": "^0.19.0",
        "@lezer/javascript": "^0.15.1"
      }
    },
    "node_modules/@codemirror/lang-json": {
      "version": "0.19.2",
      "resolved": "https://registry.npmjs.org/@codemirror/lang-json/-/lang-json-0.19.2.tgz",
      "integrity": "sha512-fgUWR58Is59P5D/tiazX6oTczioOCDYqjFT5PEBAmLBFMSsRqcnJE0xNO1snrhg7pWEFDq5wR/oN0eZhkeR6Gg==",
      "dependencies": {
        "@codemirror/highlight": "^0.19.0",
        "@codemirror/language": "^0.19.0",
        "@lezer/json": "^0.15.0"
      }
    },
    "node_modules/@codemirror/lang-markdown": {
      "version": "0.19.6",
      "resolved": "https://registry.npmjs.org/@codemirror/lang-markdown/-/lang-markdown-0.19.6.tgz",
      "integrity": "sha512-ojoHeLgv1Rfu0GNGsU0bCtXAIp5dy4VKjndHScITQdlCkS/+SAIfuoeowEx+nMAQwTxI+/9fQZ3xdZVznGFYug==",
      "dependencies": {
        "@codemirror/highlight": "^0.19.0",
        "@codemirror/lang-html": "^0.19.0",
        "@codemirror/language": "^0.19.0",
        "@codemirror/state": "^0.19.3",
        "@codemirror/view": "^0.19.0",
        "@lezer/common": "^0.15.0",
        "@lezer/markdown": "^0.15.0"
      }
    },
    "node_modules/@codemirror/lang-php": {
      "version": "0.19.1",
      "resolved": "https://registry.npmjs.org/@codemirror/lang-php/-/lang-php-0.19.1.tgz",
      "integrity": "sha512-Q6djLACHu1J6XbnxWlEPCiyqqDrlZLi9QtjY6b9vqdkq/GOsNaXVv44nDY8DD6Bxi5yYRTJ3yh8XzsKuJgztjQ==",
      "dependencies": {
        "@codemirror/highlight": "^0.19.0",
        "@codemirror/lang-html": "^0.19.0",
        "@codemirror/language": "^0.19.0",
        "@codemirror/state": "^0.19.0",
        "@lezer/common": "^0.15.0",
        "@lezer/php": "^0.15.0"
      }
    },
    "node_modules/@codemirror/lang-python": {
      "version": "0.19.4",
      "resolved": "https://registry.npmjs.org/@codemirror/lang-python/-/lang-python-0.19.4.tgz",
      "integrity": "sha512-eSH1JXbf0D30y+f3nWy/+bTLAIV8RmcQbbVD8DsBxkxOHMVKcILgxFRHCovba8YEMtmq45I1DoWcNt1CeKnrYQ==",
      "dependencies": {
        "@codemirror/highlight": "^0.19.7",
        "@codemirror/language": "^0.19.0",
        "@lezer/python": "^0.15.0"
      }
    },
    "node_modules/@codemirror/lang-rust": {
      "version": "0.19.2",
      "resolved": "https://registry.npmjs.org/@codemirror/lang-rust/-/lang-rust-0.19.2.tgz",
      "integrity": "sha512-SEXsO7Qf2gktRvVhHMc0Mq4HzPBpFcQlrlcinafy6VFXavWs+QAIB8UAuLG/igOc3PrIHbZFlyEhVUIGstox8w==",
      "dependencies": {
        "@codemirror/highlight": "^0.19.7",
        "@codemirror/language": "^0.19.0",
        "@lezer/rust": "^0.15.0"
      }
    },
    "node_modules/@codemirror/language": {
      "version": "0.19.8",
      "resolved": "https://registry.npmjs.org/@codemirror/language/-/language-0.19.8.tgz",
      "integrity": "sha512-KhRne8qmzSKkaw+qhkwgNsPKxmThlyeJ3umfc33B9kJzVP7xhTkwX2MEPl0almM3brxMi+lPYx7gCPOy1gHsWw==",
      "dependencies": {
        "@codemirror/state": "^0.19.0",
        "@codemirror/text": "^0.19.0",
        "@codemirror/view": "^0.19.0",
        "@lezer/common": "^0.15.5",
        "@lezer/lr": "^0.15.0"
      }
    },
    "node_modules/@codemirror/legacy-modes": {
      "version": "0.19.1",
      "resolved": "https://registry.npmjs.org/@codemirror/legacy-modes/-/legacy-modes-0.19.1.tgz",
      "integrity": "sha512-vYPLsD/ON+3SXhlGj9Qb3fpFNNU3Ya/AtDiv/g3OyqVzhh5vs5rAnOvk8xopGWRwppdhlNPD9VyXjiOmZUQtmQ==",
      "dependencies": {
        "@codemirror/stream-parser": "^0.19.0"
      }
    },
    "node_modules/@codemirror/lint": {
      "version": "0.19.6",
      "resolved": "https://registry.npmjs.org/@codemirror/lint/-/lint-0.19.6.tgz",
      "integrity": "sha512-Pbw1Y5kHVs2J+itQ0uez3dI4qY9ApYVap7eNfV81x1/3/BXgBkKfadaw0gqJ4h4FDG7OnJwb0VbPsjJQllHjaA==",
      "dependencies": {
        "@codemirror/gutter": "^0.19.4",
        "@codemirror/panel": "^0.19.0",
        "@codemirror/rangeset": "^0.19.1",
        "@codemirror/state": "^0.19.4",
        "@codemirror/tooltip": "^0.19.16",
        "@codemirror/view": "^0.19.22",
        "crelt": "^1.0.5"
      }
    },
    "node_modules/@codemirror/matchbrackets": {
      "version": "0.19.4",
      "resolved": "https://registry.npmjs.org/@codemirror/matchbrackets/-/matchbrackets-0.19.4.tgz",
      "integrity": "sha512-VFkaOKPNudAA5sGP1zikRHCEKU0hjYmkKpr04pybUpQvfTvNJXlReCyP0rvH/1iEwAGPL990ZTT+QrLdu4MeEA==",
      "dependencies": {
        "@codemirror/language": "^0.19.0",
        "@codemirror/state": "^0.19.0",
        "@codemirror/view": "^0.19.0",
        "@lezer/common": "^0.15.0"
      }
    },
    "node_modules/@codemirror/panel": {
      "version": "0.19.1",
      "resolved": "https://registry.npmjs.org/@codemirror/panel/-/panel-0.19.1.tgz",
      "integrity": "sha512-sYeOCMA3KRYxZYJYn5PNlt9yNsjy3zTNTrbYSfVgjgL9QomIVgOJWPO5hZ2sTN8lufO6lw0vTBsIPL9MSidmBg==",
      "dependencies": {
        "@codemirror/state": "^0.19.0",
        "@codemirror/view": "^0.19.0"
      }
    },
    "node_modules/@codemirror/rangeset": {
      "version": "0.19.9",
      "resolved": "https://registry.npmjs.org/@codemirror/rangeset/-/rangeset-0.19.9.tgz",
      "integrity": "sha512-V8YUuOvK+ew87Xem+71nKcqu1SXd5QROMRLMS/ljT5/3MCxtgrRie1Cvild0G/Z2f1fpWxzX78V0U4jjXBorBQ==",
      "dependencies": {
        "@codemirror/state": "^0.19.0"
      }
    },
    "node_modules/@codemirror/rectangular-selection": {
      "version": "0.19.1",
      "resolved": "https://registry.npmjs.org/@codemirror/rectangular-selection/-/rectangular-selection-0.19.1.tgz",
      "integrity": "sha512-9ElnqOg3mpZIWe0prPRd1SZ48Q9QB3bR8Aocq8UtjboJSUG8ABhRrbuTZMW/rMqpBPSjVpCe9xkCCkEQMYQVmw==",
      "dependencies": {
        "@codemirror/state": "^0.19.0",
        "@codemirror/text": "^0.19.4",
        "@codemirror/view": "^0.19.0"
      }
    },
    "node_modules/@codemirror/search": {
      "version": "0.19.9",
      "resolved": "https://registry.npmjs.org/@codemirror/search/-/search-0.19.9.tgz",
      "integrity": "sha512-h3MuwbUbiyOp6Np3IB5r4LH0w4inZvbtLO1Ipmz8RhElcGRiYr11Q6Bim8ocLfe08RmZT6B5EkTj1E8eNlugQQ==",
      "dependencies": {
        "@codemirror/panel": "^0.19.0",
        "@codemirror/rangeset": "^0.19.0",
        "@codemirror/state": "^0.19.3",
        "@codemirror/text": "^0.19.0",
        "@codemirror/view": "^0.19.34",
        "crelt": "^1.0.5"
      }
    },
    "node_modules/@codemirror/state": {
      "version": "0.19.9",
      "resolved": "https://registry.npmjs.org/@codemirror/state/-/state-0.19.9.tgz",
      "integrity": "sha512-psOzDolKTZkx4CgUqhBQ8T8gBc0xN5z4gzed109aF6x7D7umpDRoimacI/O6d9UGuyl4eYuDCZmDFr2Rq7aGOw==",
      "dependencies": {
        "@codemirror/text": "^0.19.0"
      }
    },
    "node_modules/@codemirror/stream-parser": {
      "version": "0.19.7",
      "resolved": "https://registry.npmjs.org/@codemirror/stream-parser/-/stream-parser-0.19.7.tgz",
      "integrity": "sha512-4ExcbKksmU4PIT8s11/dPESgMNLQqlMlbQzRQ1CyMcmygcuQk+58zQ84nv/X17OCUd2ephZ1DKEaHHACifzCiA==",
      "dependencies": {
        "@codemirror/highlight": "^0.19.0",
        "@codemirror/language": "^0.19.0",
        "@codemirror/state": "^0.19.0",
        "@codemirror/text": "^0.19.0",
        "@lezer/common": "^0.15.0",
        "@lezer/lr": "^0.15.0"
      }
    },
    "node_modules/@codemirror/text": {
      "version": "0.19.6",
      "resolved": "https://registry.npmjs.org/@codemirror/text/-/text-0.19.6.tgz",
      "integrity": "sha512-T9jnREMIygx+TPC1bOuepz18maGq/92q2a+n4qTqObKwvNMg+8cMTslb8yxeEDEq7S3kpgGWxgO1UWbQRij0dA=="
    },
    "node_modules/@codemirror/theme-one-dark": {
      "version": "0.19.1",
      "resolved": "https://registry.npmjs.org/@codemirror/theme-one-dark/-/theme-one-dark-0.19.1.tgz",
      "integrity": "sha512-8gc4c2k2o/EhyHoWkghCxp5vyDT96JaFGtRy35PHwIom0LZdx7aU4AbDUnITvwiFB+0+i54VO+WQjBqgTyJvqg==",
      "dependencies": {
        "@codemirror/highlight": "^0.19.0",
        "@codemirror/state": "^0.19.0",
        "@codemirror/view": "^0.19.0"
      }
    },
    "node_modules/@codemirror/tooltip": {
      "version": "0.19.16",
      "resolved": "https://registry.npmjs.org/@codemirror/tooltip/-/tooltip-0.19.16.tgz",
      "integrity": "sha512-zxKDHryUV5/RS45AQL+wOeN+i7/l81wK56OMnUPoTSzCWNITfxHn7BToDsjtrRKbzHqUxKYmBnn/4hPjpZ4WJQ==",
      "dependencies": {
        "@codemirror/state": "^0.19.0",
        "@codemirror/view": "^0.19.0"
      }
    },
    "node_modules/@codemirror/view": {
      "version": "0.19.47",
      "resolved": "https://registry.npmjs.org/@codemirror/view/-/view-0.19.47.tgz",
      "integrity": "sha512-SfbagKvJQl5dtt+9wYpo9sa3ZkMgUxTq+/hXDf0KVwIx+zu3cJIqfEm9xSx6yXkq7it7RsPGHaPasApNffF/8g==",
      "dependencies": {
        "@codemirror/rangeset": "^0.19.5",
        "@codemirror/state": "^0.19.3",
        "@codemirror/text": "^0.19.0",
        "style-mod": "^4.0.0",
        "w3c-keyname": "^2.2.4"
      }
    },
    "node_modules/@lezer/common": {
      "version": "0.15.12",
      "resolved": "https://registry.npmjs.org/@lezer/common/-/common-0.15.12.tgz",
      "integrity": "sha512-edfwCxNLnzq5pBA/yaIhwJ3U3Kz8VAUOTRg0hhxaizaI1N+qxV7EXDv/kLCkLeq2RzSFvxexlaj5Mzfn2kY0Ig=="
    },
    "node_modules/@lezer/cpp": {
      "version": "0.15.3",
      "resolved": "https://registry.npmjs.org/@lezer/cpp/-/cpp-0.15.3.tgz",
      "integrity": "sha512-QE5YxhnoQ4eJH9G2h5r+m4Zq7d/0NmA0eAnZmiOVggI7a3jpODIXZeJbkUPf4U2yzNCSWAGpZVk8XxkA+cTZvA==",
      "dependencies": {
        "@lezer/lr": "^0.15.0"
      }
    },
    "node_modules/@lezer/css": {
      "version": "0.15.2",
      "resolved": "https://registry.npmjs.org/@lezer/css/-/css-0.15.2.tgz",
      "integrity": "sha512-tnMOMZY0Zs6JQeVjqfmREYMV0GnmZR1NitndLWioZMD6mA7VQF/PPKPmJX1f+ZgVZQc5Am0df9mX3aiJnNJlKQ==",
      "dependencies": {
        "@lezer/lr": "^0.15.0"
      }
    },
    "node_modules/@lezer/html": {
      "version": "0.15.1",
      "resolved": "https://registry.npmjs.org/@lezer/html/-/html-0.15.1.tgz",
      "integrity": "sha512-0ZYVhu+RwN6ZMM0gNnTxenRAdoycKc2wvpLfMjP0JkKR0vMxhtuLaIpsq9KW2Mv6l7ux5vdjq8CQ7fKDvia8KA==",
      "dependencies": {
        "@lezer/lr": "^0.15.0"
      }
    },
    "node_modules/@lezer/java": {
      "version": "0.15.0",
      "resolved": "https://registry.npmjs.org/@lezer/java/-/java-0.15.0.tgz",
      "integrity": "sha512-Od2Ugo93XjLxCIEKlrwJfacmSMd7lEnkVQgBjMsZofjwEKZ2Y2ue6URntMFFiftTlNXbE29vYbweWYluEq+Cdw==",
      "dependencies": {
        "@lezer/lr": "^0.15.0"
      }
    },
    "node_modules/@lezer/javascript": {
      "version": "0.15.3",
      "resolved": "https://registry.npmjs.org/@lezer/javascript/-/javascript-0.15.3.tgz",
      "integrity": "sha512-8jA2NpOfpWwSPZxRhd9BxK2ZPvGd7nLE3LFTJ5AbMhXAzMHeMjneV6GEVd7dAIee85dtap0jdb6bgOSO0+lfwA==",
      "dependencies": {
        "@lezer/lr": "^0.15.0"
      }
    },
    "node_modules/@lezer/json": {
      "version": "0.15.0",
      "resolved": "https://registry.npmjs.org/@lezer/json/-/json-0.15.0.tgz",
      "integrity": "sha512-OsMjjBkTkeQ15iMCu5U1OiBubRC4V9Wm03zdIlUgNZ20aUPx5DWDRqUc5wG41JXVSj7Lxmo+idlFCfBBdxB8sw==",
      "dependencies": {
        "@lezer/lr": "^0.15.0"
      }
    },
    "node_modules/@lezer/lr": {
      "version": "0.15.8",
      "resolved": "https://registry.npmjs.org/@lezer/lr/-/lr-0.15.8.tgz",
      "integrity": "sha512-bM6oE6VQZ6hIFxDNKk8bKPa14hqFrV07J/vHGOeiAbJReIaQXmkVb6xQu4MR+JBTLa5arGRyAAjJe1qaQt3Uvg==",
      "dependencies": {
        "@lezer/common": "^0.15.0"
      }
    },
    "node_modules/@lezer/markdown": {
      "version": "0.15.6",
      "resolved": "https://registry.npmjs.org/@lezer/markdown/-/markdown-0.15.6.tgz",
      "integrity": "sha512-1XXLa4q0ZthryUEfO47ipvZHxNb+sCKoQIMM9dKs5vXZOBbgF2Vah/GL3g26BFIAEc2uCv4VQnI+lSrv58BT3g==",
      "dependencies": {
        "@lezer/common": "^0.15.0"
      }
    },
    "node_modules/@lezer/php": {
      "version": "0.15.0",
      "resolved": "https://registry.npmjs.org/@lezer/php/-/php-0.15.0.tgz",
      "integrity": "sha512-kU3QSOko0jsv3RLhABPrRD4wEhaWYh2Uh0lTj9Q9BOsBJ5SoADfifO4gHkEDav7AgL/j+ulkKiHiilciTa/RaQ==",
      "dependencies": {
        "@lezer/lr": "^0.15.0"
      }
    },
    "node_modules/@lezer/python": {
      "version": "0.15.1",
      "resolved": "https://registry.npmjs.org/@lezer/python/-/python-0.15.1.tgz",
      "integrity": "sha512-Xdb2nh+FoxR8ssEADGsroDtsnP+EDhiPpW9zhER3h+6cpGtZ2e9Oq/Rwn9nFQRiKCfMT+AQaqC3ZgAbhbnumyQ==",
      "dependencies": {
        "@lezer/lr": "^0.15.0"
      }
    },
    "node_modules/@lezer/rust": {
      "version": "0.15.1",
      "resolved": "https://registry.npmjs.org/@lezer/rust/-/rust-0.15.1.tgz",
      "integrity": "sha512-9R7Mcfe/XWodpT7bYNKoOmEAN+AOHHfma9QUTdEhqduzd1G4qsdQkGSMPfsqt24sZCkQ1EREbE/lmEp4YxTlcA==",
      "dependencies": {
        "@lezer/lr": "^0.15.0"
      }
    },
    "node_modules/@types/phoenix": {
      "version": "1.5.4",
      "resolved": "https://registry.npmjs.org/@types/phoenix/-/phoenix-1.5.4.tgz",
      "integrity": "sha512-L5eZmzw89eXBKkiqVBcJfU1QGx9y+wurRIEgt0cuLH0hwNtVUxtx+6cu0R2STwWj468sjXyBYPYDtGclUd1kjQ=="
    },
    "node_modules/@types/phoenix_live_view": {
      "version": "0.15.1",
      "resolved": "https://registry.npmjs.org/@types/phoenix_live_view/-/phoenix_live_view-0.15.1.tgz",
      "integrity": "sha512-dWKwJ9xqCHW+3TVfCIVC6/6ZMpURlDcu9qakWL89H5iWoSXs5X7gaKKnPXc7a1IKULieZjHBVkCW0Ui9aRf3Bg==",
      "dependencies": {
        "@types/phoenix": "*"
      }
    },
    "node_modules/crelt": {
      "version": "1.0.5",
      "resolved": "https://registry.npmjs.org/crelt/-/crelt-1.0.5.tgz",
      "integrity": "sha512-+BO9wPPi+DWTDcNYhr/W90myha8ptzftZT+LwcmUbbok0rcP/fequmFYCw8NMoH7pkAZQzU78b3kYrlua5a9eA=="
    },
    "node_modules/style-mod": {
      "version": "4.0.0",
      "resolved": "https://registry.npmjs.org/style-mod/-/style-mod-4.0.0.tgz",
      "integrity": "sha512-OPhtyEjyyN9x3nhPsu76f52yUGXiZcgvsrFVtvTkyGRQJ0XK+GPc6ov1z+lRpbeabka+MYEQxOYRnt5nF30aMw=="
    },
    "node_modules/w3c-keyname": {
      "version": "2.2.4",
      "resolved": "https://registry.npmjs.org/w3c-keyname/-/w3c-keyname-2.2.4.tgz",
      "integrity": "sha512-tOhfEwEzFLJzf6d1ZPkYfGj+FWhIpBux9ppoP3rlclw3Z0BZv3N7b7030Z1kYth+6rDuAsXUFr+d0VE6Ed1ikw=="
    }
  },
  "dependencies": {
    "@codemirror/autocomplete": {
      "version": "0.19.15",
      "resolved": "https://registry.npmjs.org/@codemirror/autocomplete/-/autocomplete-0.19.15.tgz",
      "integrity": "sha512-GQWzvvuXxNUyaEk+5gawbAD8s51/v2Chb++nx0e2eGWrphWk42isBtzOMdc3DxrxrZtPZ55q2ldNp+6G8KJLIQ==",
      "requires": {
        "@codemirror/language": "^0.19.0",
        "@codemirror/state": "^0.19.4",
        "@codemirror/text": "^0.19.2",
        "@codemirror/tooltip": "^0.19.12",
        "@codemirror/view": "^0.19.0",
        "@lezer/common": "^0.15.0"
      }
    },
    "@codemirror/basic-setup": {
      "version": "0.19.1",
      "resolved": "https://registry.npmjs.org/@codemirror/basic-setup/-/basic-setup-0.19.1.tgz",
      "integrity": "sha512-gLjD7YgZU/we6BzS/ecCmD3viw83dsgv5ZUaSydYbYx9X4w4w9RqYnckcJ+0GDyHfNr5Jtfv2Z5ZtFQnBj0UDA==",
      "requires": {
        "@codemirror/autocomplete": "^0.19.0",
        "@codemirror/closebrackets": "^0.19.0",
        "@codemirror/commands": "^0.19.0",
        "@codemirror/comment": "^0.19.0",
        "@codemirror/fold": "^0.19.0",
        "@codemirror/gutter": "^0.19.0",
        "@codemirror/highlight": "^0.19.0",
        "@codemirror/history": "^0.19.0",
        "@codemirror/language": "^0.19.0",
        "@codemirror/lint": "^0.19.0",
        "@codemirror/matchbrackets": "^0.19.0",
        "@codemirror/rectangular-selection": "^0.19.0",
        "@codemirror/search": "^0.19.0",
        "@codemirror/state": "^0.19.0",
        "@codemirror/view": "^0.19.31"
      }
    },
    "@codemirror/closebrackets": {
      "version": "0.19.1",
      "resolved": "https://registry.npmjs.org/@codemirror/closebrackets/-/closebrackets-0.19.1.tgz",
      "integrity": "sha512-ZiLXT6u+VuBK5QnfBbt/Vmfd9Pg6449wn1DIOWFZHUOldg5eFn3VGGjYY2XWuHQz5WuK+7dXamV2KE885O1gyA==",
      "requires": {
        "@codemirror/language": "^0.19.0",
        "@codemirror/rangeset": "^0.19.0",
        "@codemirror/state": "^0.19.2",
        "@codemirror/text": "^0.19.0",
        "@codemirror/view": "^0.19.44"
      }
    },
    "@codemirror/commands": {
      "version": "0.19.8",
      "resolved": "https://registry.npmjs.org/@codemirror/commands/-/commands-0.19.8.tgz",
      "integrity": "sha512-65LIMSGUGGpY3oH6mzV46YWRrgao6NmfJ+AuC7jNz3K5NPnH6GCV1H5I6SwOFyVbkiygGyd0EFwrWqywTBD1aw==",
      "requires": {
        "@codemirror/language": "^0.19.0",
        "@codemirror/matchbrackets": "^0.19.0",
        "@codemirror/state": "^0.19.2",
        "@codemirror/text": "^0.19.6",
        "@codemirror/view": "^0.19.22",
        "@lezer/common": "^0.15.0"
      }
    },
    "@codemirror/comment": {
      "version": "0.19.1",
      "resolved": "https://registry.npmjs.org/@codemirror/comment/-/comment-0.19.1.tgz",
      "integrity": "sha512-uGKteBuVWAC6fW+Yt8u27DOnXMT/xV4Ekk2Z5mRsiADCZDqYvryrJd6PLL5+8t64BVyocwQwNfz1UswYS2CtFQ==",
      "requires": {
        "@codemirror/state": "^0.19.9",
        "@codemirror/text": "^0.19.0",
        "@codemirror/view": "^0.19.0"
      }
    },
    "@codemirror/fold": {
      "version": "0.19.3",
      "resolved": "https://registry.npmjs.org/@codemirror/fold/-/fold-0.19.3.tgz",
      "integrity": "sha512-8hT+Eq2G68mL0yPRvSD2ewhnLQAX6sbUJmtGVKFcj8oAXtfpYCX8LIcfXsuI19Qs7gZkOSpqZvn+KKj8IhZoAw==",
      "requires": {
        "@codemirror/gutter": "^0.19.0",
        "@codemirror/language": "^0.19.0",
        "@codemirror/rangeset": "^0.19.0",
        "@codemirror/state": "^0.19.0",
        "@codemirror/view": "^0.19.22"
      }
    },
    "@codemirror/gutter": {
      "version": "0.19.9",
      "resolved": "https://registry.npmjs.org/@codemirror/gutter/-/gutter-0.19.9.tgz",
      "integrity": "sha512-PFrtmilahin1g6uL27aG5tM/rqR9DZzZYZsIrCXA5Uc2OFTFqx4owuhoU9hqfYxHp5ovfvBwQ+txFzqS4vog6Q==",
      "requires": {
        "@codemirror/rangeset": "^0.19.0",
        "@codemirror/state": "^0.19.0",
        "@codemirror/view": "^0.19.23"
      }
    },
    "@codemirror/highlight": {
      "version": "0.19.8",
      "resolved": "https://registry.npmjs.org/@codemirror/highlight/-/highlight-0.19.8.tgz",
      "integrity": "sha512-v/lzuHjrYR8MN2mEJcUD6fHSTXXli9C1XGYpr+ElV6fLBIUhMTNKR3qThp611xuWfXfwDxeL7ppcbkM/MzPV3A==",
      "requires": {
        "@codemirror/language": "^0.19.0",
        "@codemirror/rangeset": "^0.19.0",
        "@codemirror/state": "^0.19.3",
        "@codemirror/view": "^0.19.39",
        "@lezer/common": "^0.15.0",
        "style-mod": "^4.0.0"
      }
    },
    "@codemirror/history": {
      "version": "0.19.2",
      "resolved": "https://registry.npmjs.org/@codemirror/history/-/history-0.19.2.tgz",
      "integrity": "sha512-unhP4t3N2smzmHoo/Yio6ueWi+il8gm9VKrvi6wlcdGH5fOfVDNkmjHQ495SiR+EdOG35+3iNebSPYww0vN7ow==",
      "requires": {
        "@codemirror/state": "^0.19.2",
        "@codemirror/view": "^0.19.0"
      }
    },
    "@codemirror/lang-cpp": {
      "version": "0.19.1",
      "resolved": "https://registry.npmjs.org/@codemirror/lang-cpp/-/lang-cpp-0.19.1.tgz",
      "integrity": "sha512-BGvZkfcqcalAwxocuE9DhH6gqflm5IjL/8mGTzc8bHzeP1N4innK8qo2G69ohEML4LDZv4WyXc3y4C9/zsGCGQ==",
      "requires": {
        "@codemirror/highlight": "^0.19.0",
        "@codemirror/language": "^0.19.0",
        "@lezer/cpp": "^0.15.0"
      }
    },
    "@codemirror/lang-css": {
      "version": "0.19.3",
      "resolved": "https://registry.npmjs.org/@codemirror/lang-css/-/lang-css-0.19.3.tgz",
      "integrity": "sha512-tyCUJR42/UlfOPLb94/p7dN+IPsYSIzHbAHP2KQHANj0I+Orqp+IyIOS++M8TuCX4zkWh9dvi8s92yy/Tn8Ifg==",
      "requires": {
        "@codemirror/autocomplete": "^0.19.0",
        "@codemirror/highlight": "^0.19.6",
        "@codemirror/language": "^0.19.0",
        "@codemirror/state": "^0.19.0",
        "@lezer/css": "^0.15.2"
      }
    },
    "@codemirror/lang-html": {
      "version": "0.19.4",
      "resolved": "https://registry.npmjs.org/@codemirror/lang-html/-/lang-html-0.19.4.tgz",
      "integrity": "sha512-GpiEikNuCBeFnS+/TJSeanwqaOfNm8Kkp9WpVNEPZCLyW1mAMCuFJu/3xlWYeWc778Hc3vJqGn3bn+cLNubgCA==",
      "requires": {
        "@codemirror/autocomplete": "^0.19.0",
        "@codemirror/highlight": "^0.19.6",
        "@codemirror/lang-css": "^0.19.0",
        "@codemirror/lang-javascript": "^0.19.0",
        "@codemirror/language": "^0.19.0",
        "@codemirror/state": "^0.19.0",
        "@lezer/common": "^0.15.0",
        "@lezer/html": "^0.15.0"
      }
    },
    "@codemirror/lang-java": {
      "version": "0.19.1",
      "resolved": "https://registry.npmjs.org/@codemirror/lang-java/-/lang-java-0.19.1.tgz",
      "integrity": "sha512-yA3kcW2GgY0mC2a9dE+uRxGxPWeykfE/GqEPk4TSmhuU4ndmyDgM5QQP7pgnYSZmv2vKoyf4x7NMg8AF7lKXHQ==",
      "requires": {
        "@codemirror/highlight": "^0.19.0",
        "@codemirror/language": "^0.19.0",
        "@lezer/java": "^0.15.0"
      }
    },
    "@codemirror/lang-javascript": {
      "version": "0.19.7",
      "resolved": "https://registry.npmjs.org/@codemirror/lang-javascript/-/lang-javascript-0.19.7.tgz",
      "integrity": "sha512-DL9f3JLqOEHH9cIwEqqjnP5bkjdVXeECksLtV+/MbPm+l4H+AG+PkwZaJQ2oR1GfPZKh8MVSIE94aGWNkJP8WQ==",
      "requires": {
        "@codemirror/autocomplete": "^0.19.0",
        "@codemirror/highlight": "^0.19.7",
        "@codemirror/language": "^0.19.0",
        "@codemirror/lint": "^0.19.0",
        "@codemirror/state": "^0.19.0",
        "@codemirror/view": "^0.19.0",
        "@lezer/javascript": "^0.15.1"
      }
    },
    "@codemirror/lang-json": {
      "version": "0.19.2",
      "resolved": "https://registry.npmjs.org/@codemirror/lang-json/-/lang-json-0.19.2.tgz",
      "integrity": "sha512-fgUWR58Is59P5D/tiazX6oTczioOCDYqjFT5PEBAmLBFMSsRqcnJE0xNO1snrhg7pWEFDq5wR/oN0eZhkeR6Gg==",
      "requires": {
        "@codemirror/highlight": "^0.19.0",
        "@codemirror/language": "^0.19.0",
        "@lezer/json": "^0.15.0"
      }
    },
    "@codemirror/lang-markdown": {
      "version": "0.19.6",
      "resolved": "https://registry.npmjs.org/@codemirror/lang-markdown/-/lang-markdown-0.19.6.tgz",
      "integrity": "sha512-ojoHeLgv1Rfu0GNGsU0bCtXAIp5dy4VKjndHScITQdlCkS/+SAIfuoeowEx+nMAQwTxI+/9fQZ3xdZVznGFYug==",
      "requires": {
        "@codemirror/highlight": "^0.19.0",
        "@codemirror/lang-html": "^0.19.0",
        "@codemirror/language": "^0.19.0",
        "@codemirror/state": "^0.19.3",
        "@codemirror/view": "^0.19.0",
        "@lezer/common": "^0.15.0",
        "@lezer/markdown": "^0.15.0"
      }
    },
    "@codemirror/lang-php": {
      "version": "0.19.1",
      "resolved": "https://registry.npmjs.org/@codemirror/lang-php/-/lang-php-0.19.1.tgz",
      "integrity": "sha512-Q6djLACHu1J6XbnxWlEPCiyqqDrlZLi9QtjY6b9vqdkq/GOsNaXVv44nDY8DD6Bxi5yYRTJ3yh8XzsKuJgztjQ==",
      "requires": {
        "@codemirror/highlight": "^0.19.0",
        "@codemirror/lang-html": "^0.19.0",
        "@codemirror/language": "^0.19.0",
        "@codemirror/state": "^0.19.0",
        "@lezer/common": "^0.15.0",
        "@lezer/php": "^0.15.0"
      }
    },
    "@codemirror/lang-python": {
      "version": "0.19.4",
      "resolved": "https://registry.npmjs.org/@codemirror/lang-python/-/lang-python-0.19.4.tgz",
      "integrity": "sha512-eSH1JXbf0D30y+f3nWy/+bTLAIV8RmcQbbVD8DsBxkxOHMVKcILgxFRHCovba8YEMtmq45I1DoWcNt1CeKnrYQ==",
      "requires": {
        "@codemirror/highlight": "^0.19.7",
        "@codemirror/language": "^0.19.0",
        "@lezer/python": "^0.15.0"
      }
    },
    "@codemirror/lang-rust": {
      "version": "0.19.2",
      "resolved": "https://registry.npmjs.org/@codemirror/lang-rust/-/lang-rust-0.19.2.tgz",
      "integrity": "sha512-SEXsO7Qf2gktRvVhHMc0Mq4HzPBpFcQlrlcinafy6VFXavWs+QAIB8UAuLG/igOc3PrIHbZFlyEhVUIGstox8w==",
      "requires": {
        "@codemirror/highlight": "^0.19.7",
        "@codemirror/language": "^0.19.0",
        "@lezer/rust": "^0.15.0"
      }
    },
    "@codemirror/language": {
      "version": "0.19.8",
      "resolved": "https://registry.npmjs.org/@codemirror/language/-/language-0.19.8.tgz",
      "integrity": "sha512-KhRne8qmzSKkaw+qhkwgNsPKxmThlyeJ3umfc33B9kJzVP7xhTkwX2MEPl0almM3brxMi+lPYx7gCPOy1gHsWw==",
      "requires": {
        "@codemirror/state": "^0.19.0",
        "@codemirror/text": "^0.19.0",
        "@codemirror/view": "^0.19.0",
        "@lezer/common": "^0.15.5",
        "@lezer/lr": "^0.15.0"
      }
    },
    "@codemirror/legacy-modes": {
      "version": "0.19.1",
      "resolved": "https://registry.npmjs.org/@codemirror/legacy-modes/-/legacy-modes-0.19.1.tgz",
      "integrity": "sha512-vYPLsD/ON+3SXhlGj9Qb3fpFNNU3Ya/AtDiv/g3OyqVzhh5vs5rAnOvk8xopGWRwppdhlNPD9VyXjiOmZUQtmQ==",
      "requires": {
        "@codemirror/stream-parser": "^0.19.0"
      }
    },
    "@codemirror/lint": {
      "version": "0.19.6",
      "resolved": "https://registry.npmjs.org/@codemirror/lint/-/lint-0.19.6.tgz",
      "integrity": "sha512-Pbw1Y5kHVs2J+itQ0uez3dI4qY9ApYVap7eNfV81x1/3/BXgBkKfadaw0gqJ4h4FDG7OnJwb0VbPsjJQllHjaA==",
      "requires": {
        "@codemirror/gutter": "^0.19.4",
        "@codemirror/panel": "^0.19.0",
        "@codemirror/rangeset": "^0.19.1",
        "@codemirror/state": "^0.19.4",
        "@codemirror/tooltip": "^0.19.16",
        "@codemirror/view": "^0.19.22",
        "crelt": "^1.0.5"
      }
    },
    "@codemirror/matchbrackets": {
      "version": "0.19.4",
      "resolved": "https://registry.npmjs.org/@codemirror/matchbrackets/-/matchbrackets-0.19.4.tgz",
      "integrity": "sha512-VFkaOKPNudAA5sGP1zikRHCEKU0hjYmkKpr04pybUpQvfTvNJXlReCyP0rvH/1iEwAGPL990ZTT+QrLdu4MeEA==",
      "requires": {
        "@codemirror/language": "^0.19.0",
        "@codemirror/state": "^0.19.0",
        "@codemirror/view": "^0.19.0",
        "@lezer/common": "^0.15.0"
      }
    },
    "@codemirror/panel": {
      "version": "0.19.1",
      "resolved": "https://registry.npmjs.org/@codemirror/panel/-/panel-0.19.1.tgz",
      "integrity": "sha512-sYeOCMA3KRYxZYJYn5PNlt9yNsjy3zTNTrbYSfVgjgL9QomIVgOJWPO5hZ2sTN8lufO6lw0vTBsIPL9MSidmBg==",
      "requires": {
        "@codemirror/state": "^0.19.0",
        "@codemirror/view": "^0.19.0"
      }
    },
    "@codemirror/rangeset": {
      "version": "0.19.9",
      "resolved": "https://registry.npmjs.org/@codemirror/rangeset/-/rangeset-0.19.9.tgz",
      "integrity": "sha512-V8YUuOvK+ew87Xem+71nKcqu1SXd5QROMRLMS/ljT5/3MCxtgrRie1Cvild0G/Z2f1fpWxzX78V0U4jjXBorBQ==",
      "requires": {
        "@codemirror/state": "^0.19.0"
      }
    },
    "@codemirror/rectangular-selection": {
      "version": "0.19.1",
      "resolved": "https://registry.npmjs.org/@codemirror/rectangular-selection/-/rectangular-selection-0.19.1.tgz",
      "integrity": "sha512-9ElnqOg3mpZIWe0prPRd1SZ48Q9QB3bR8Aocq8UtjboJSUG8ABhRrbuTZMW/rMqpBPSjVpCe9xkCCkEQMYQVmw==",
      "requires": {
        "@codemirror/state": "^0.19.0",
        "@codemirror/text": "^0.19.4",
        "@codemirror/view": "^0.19.0"
      }
    },
    "@codemirror/search": {
      "version": "0.19.9",
      "resolved": "https://registry.npmjs.org/@codemirror/search/-/search-0.19.9.tgz",
      "integrity": "sha512-h3MuwbUbiyOp6Np3IB5r4LH0w4inZvbtLO1Ipmz8RhElcGRiYr11Q6Bim8ocLfe08RmZT6B5EkTj1E8eNlugQQ==",
      "requires": {
        "@codemirror/panel": "^0.19.0",
        "@codemirror/rangeset": "^0.19.0",
        "@codemirror/state": "^0.19.3",
        "@codemirror/text": "^0.19.0",
        "@codemirror/view": "^0.19.34",
        "crelt": "^1.0.5"
      }
    },
    "@codemirror/state": {
      "version": "0.19.9",
      "resolved": "https://registry.npmjs.org/@codemirror/state/-/state-0.19.9.tgz",
      "integrity": "sha512-psOzDolKTZkx4CgUqhBQ8T8gBc0xN5z4gzed109aF6x7D7umpDRoimacI/O6d9UGuyl4eYuDCZmDFr2Rq7aGOw==",
      "requires": {
        "@codemirror/text": "^0.19.0"
      }
    },
    "@codemirror/stream-parser": {
      "version": "0.19.7",
      "resolved": "https://registry.npmjs.org/@codemirror/stream-parser/-/stream-parser-0.19.7.tgz",
      "integrity": "sha512-4ExcbKksmU4PIT8s11/dPESgMNLQqlMlbQzRQ1CyMcmygcuQk+58zQ84nv/X17OCUd2ephZ1DKEaHHACifzCiA==",
      "requires": {
        "@codemirror/highlight": "^0.19.0",
        "@codemirror/language": "^0.19.0",
        "@codemirror/state": "^0.19.0",
        "@codemirror/text": "^0.19.0",
        "@lezer/common": "^0.15.0",
        "@lezer/lr": "^0.15.0"
      }
    },
    "@codemirror/text": {
      "version": "0.19.6",
      "resolved": "https://registry.npmjs.org/@codemirror/text/-/text-0.19.6.tgz",
      "integrity": "sha512-T9jnREMIygx+TPC1bOuepz18maGq/92q2a+n4qTqObKwvNMg+8cMTslb8yxeEDEq7S3kpgGWxgO1UWbQRij0dA=="
    },
    "@codemirror/theme-one-dark": {
      "version": "0.19.1",
      "resolved": "https://registry.npmjs.org/@codemirror/theme-one-dark/-/theme-one-dark-0.19.1.tgz",
      "integrity": "sha512-8gc4c2k2o/EhyHoWkghCxp5vyDT96JaFGtRy35PHwIom0LZdx7aU4AbDUnITvwiFB+0+i54VO+WQjBqgTyJvqg==",
      "requires": {
        "@codemirror/highlight": "^0.19.0",
        "@codemirror/state": "^0.19.0",
        "@codemirror/view": "^0.19.0"
      }
    },
    "@codemirror/tooltip": {
      "version": "0.19.16",
      "resolved": "https://registry.npmjs.org/@codemirror/tooltip/-/tooltip-0.19.16.tgz",
      "integrity": "sha512-zxKDHryUV5/RS45AQL+wOeN+i7/l81wK56OMnUPoTSzCWNITfxHn7BToDsjtrRKbzHqUxKYmBnn/4hPjpZ4WJQ==",
      "requires": {
        "@codemirror/state": "^0.19.0",
        "@codemirror/view": "^0.19.0"
      }
    },
    "@codemirror/view": {
      "version": "0.19.47",
      "resolved": "https://registry.npmjs.org/@codemirror/view/-/view-0.19.47.tgz",
      "integrity": "sha512-SfbagKvJQl5dtt+9wYpo9sa3ZkMgUxTq+/hXDf0KVwIx+zu3cJIqfEm9xSx6yXkq7it7RsPGHaPasApNffF/8g==",
      "requires": {
        "@codemirror/rangeset": "^0.19.5",
        "@codemirror/state": "^0.19.3",
        "@codemirror/text": "^0.19.0",
        "style-mod": "^4.0.0",
        "w3c-keyname": "^2.2.4"
      }
    },
    "@lezer/common": {
      "version": "0.15.12",
      "resolved": "https://registry.npmjs.org/@lezer/common/-/common-0.15.12.tgz",
      "integrity": "sha512-edfwCxNLnzq5pBA/yaIhwJ3U3Kz8VAUOTRg0hhxaizaI1N+qxV7EXDv/kLCkLeq2RzSFvxexlaj5Mzfn2kY0Ig=="
    },
    "@lezer/cpp": {
      "version": "0.15.3",
      "resolved": "https://registry.npmjs.org/@lezer/cpp/-/cpp-0.15.3.tgz",
      "integrity": "sha512-QE5YxhnoQ4eJH9G2h5r+m4Zq7d/0NmA0eAnZmiOVggI7a3jpODIXZeJbkUPf4U2yzNCSWAGpZVk8XxkA+cTZvA==",
      "requires": {
        "@lezer/lr": "^0.15.0"
      }
    },
    "@lezer/css": {
      "version": "0.15.2",
      "resolved": "https://registry.npmjs.org/@lezer/css/-/css-0.15.2.tgz",
      "integrity": "sha512-tnMOMZY0Zs6JQeVjqfmREYMV0GnmZR1NitndLWioZMD6mA7VQF/PPKPmJX1f+ZgVZQc5Am0df9mX3aiJnNJlKQ==",
      "requires": {
        "@lezer/lr": "^0.15.0"
      }
    },
    "@lezer/html": {
      "version": "0.15.1",
      "resolved": "https://registry.npmjs.org/@lezer/html/-/html-0.15.1.tgz",
      "integrity": "sha512-0ZYVhu+RwN6ZMM0gNnTxenRAdoycKc2wvpLfMjP0JkKR0vMxhtuLaIpsq9KW2Mv6l7ux5vdjq8CQ7fKDvia8KA==",
      "requires": {
        "@lezer/lr": "^0.15.0"
      }
    },
    "@lezer/java": {
      "version": "0.15.0",
      "resolved": "https://registry.npmjs.org/@lezer/java/-/java-0.15.0.tgz",
      "integrity": "sha512-Od2Ugo93XjLxCIEKlrwJfacmSMd7lEnkVQgBjMsZofjwEKZ2Y2ue6URntMFFiftTlNXbE29vYbweWYluEq+Cdw==",
      "requires": {
        "@lezer/lr": "^0.15.0"
      }
    },
    "@lezer/javascript": {
      "version": "0.15.3",
      "resolved": "https://registry.npmjs.org/@lezer/javascript/-/javascript-0.15.3.tgz",
      "integrity": "sha512-8jA2NpOfpWwSPZxRhd9BxK2ZPvGd7nLE3LFTJ5AbMhXAzMHeMjneV6GEVd7dAIee85dtap0jdb6bgOSO0+lfwA==",
      "requires": {
        "@lezer/lr": "^0.15.0"
      }
    },
    "@lezer/json": {
      "version": "0.15.0",
      "resolved": "https://registry.npmjs.org/@lezer/json/-/json-0.15.0.tgz",
      "integrity": "sha512-OsMjjBkTkeQ15iMCu5U1OiBubRC4V9Wm03zdIlUgNZ20aUPx5DWDRqUc5wG41JXVSj7Lxmo+idlFCfBBdxB8sw==",
      "requires": {
        "@lezer/lr": "^0.15.0"
      }
    },
    "@lezer/lr": {
      "version": "0.15.8",
      "resolved": "https://registry.npmjs.org/@lezer/lr/-/lr-0.15.8.tgz",
      "integrity": "sha512-bM6oE6VQZ6hIFxDNKk8bKPa14hqFrV07J/vHGOeiAbJReIaQXmkVb6xQu4MR+JBTLa5arGRyAAjJe1qaQt3Uvg==",
      "requires": {
        "@lezer/common": "^0.15.0"
      }
    },
    "@lezer/markdown": {
      "version": "0.15.6",
      "resolved": "https://registry.npmjs.org/@lezer/markdown/-/markdown-0.15.6.tgz",
      "integrity": "sha512-1XXLa4q0ZthryUEfO47ipvZHxNb+sCKoQIMM9dKs5vXZOBbgF2Vah/GL3g26BFIAEc2uCv4VQnI+lSrv58BT3g==",
      "requires": {
        "@lezer/common": "^0.15.0"
      }
    },
    "@lezer/php": {
      "version": "0.15.0",
      "resolved": "https://registry.npmjs.org/@lezer/php/-/php-0.15.0.tgz",
      "integrity": "sha512-kU3QSOko0jsv3RLhABPrRD4wEhaWYh2Uh0lTj9Q9BOsBJ5SoADfifO4gHkEDav7AgL/j+ulkKiHiilciTa/RaQ==",
      "requires": {
        "@lezer/lr": "^0.15.0"
      }
    },
    "@lezer/python": {
      "version": "0.15.1",
      "resolved": "https://registry.npmjs.org/@lezer/python/-/python-0.15.1.tgz",
      "integrity": "sha512-Xdb2nh+FoxR8ssEADGsroDtsnP+EDhiPpW9zhER3h+6cpGtZ2e9Oq/Rwn9nFQRiKCfMT+AQaqC3ZgAbhbnumyQ==",
      "requires": {
        "@lezer/lr": "^0.15.0"
      }
    },
    "@lezer/rust": {
      "version": "0.15.1",
      "resolved": "https://registry.npmjs.org/@lezer/rust/-/rust-0.15.1.tgz",
      "integrity": "sha512-9R7Mcfe/XWodpT7bYNKoOmEAN+AOHHfma9QUTdEhqduzd1G4qsdQkGSMPfsqt24sZCkQ1EREbE/lmEp4YxTlcA==",
      "requires": {
        "@lezer/lr": "^0.15.0"
      }
    },
    "@types/phoenix": {
      "version": "1.5.4",
      "resolved": "https://registry.npmjs.org/@types/phoenix/-/phoenix-1.5.4.tgz",
      "integrity": "sha512-L5eZmzw89eXBKkiqVBcJfU1QGx9y+wurRIEgt0cuLH0hwNtVUxtx+6cu0R2STwWj468sjXyBYPYDtGclUd1kjQ=="
    },
    "@types/phoenix_live_view": {
      "version": "0.15.1",
      "resolved": "https://registry.npmjs.org/@types/phoenix_live_view/-/phoenix_live_view-0.15.1.tgz",
      "integrity": "sha512-dWKwJ9xqCHW+3TVfCIVC6/6ZMpURlDcu9qakWL89H5iWoSXs5X7gaKKnPXc7a1IKULieZjHBVkCW0Ui9aRf3Bg==",
      "requires": {
        "@types/phoenix": "*"
      }
    },
    "crelt": {
      "version": "1.0.5",
      "resolved": "https://registry.npmjs.org/crelt/-/crelt-1.0.5.tgz",
      "integrity": "sha512-+BO9wPPi+DWTDcNYhr/W90myha8ptzftZT+LwcmUbbok0rcP/fequmFYCw8NMoH7pkAZQzU78b3kYrlua5a9eA=="
    },
    "style-mod": {
      "version": "4.0.0",
      "resolved": "https://registry.npmjs.org/style-mod/-/style-mod-4.0.0.tgz",
      "integrity": "sha512-OPhtyEjyyN9x3nhPsu76f52yUGXiZcgvsrFVtvTkyGRQJ0XK+GPc6ov1z+lRpbeabka+MYEQxOYRnt5nF30aMw=="
    },
    "w3c-keyname": {
      "version": "2.2.4",
      "resolved": "https://registry.npmjs.org/w3c-keyname/-/w3c-keyname-2.2.4.tgz",
      "integrity": "sha512-tOhfEwEzFLJzf6d1ZPkYfGj+FWhIpBux9ppoP3rlclw3Z0BZv3N7b7030Z1kYth+6rDuAsXUFr+d0VE6Ed1ikw=="
    }
  }
}
